
Microsoft Visual Studio Solution File, Format Version 12.00
# Visual Studio Version 17
VisualStudioVersion = 17.1.32328.378
MinimumVisualStudioVersion = 10.0.40219.1
Project("{2150E333-8FDC-42A3-9474-1A3956D46DE8}") = "src", "src", "{30868530-1872-436F-9FB0-3EE9D47C2F86}"
EndProject
Project("{9A19103F-16F7-4668-BE54-9A1E7A4F7556}") = "Domain", "src\Domain\Domain.csproj", "{0AA00050-934F-4F9C-97F1-78B6E49A617A}"
EndProject
Project("{9A19103F-16F7-4668-BE54-9A1E7A4F7556}") = "Core", "src\Core\Core.csproj", "{7081AA66-1858-4BB5-86EC-2566A9526DBC}"
EndProject
Project("{9A19103F-16F7-4668-BE54-9A1E7A4F7556}") = "Application", "src\Application\Application.csproj", "{906ED280-6637-46B6-B262-D3E3443ABA71}"
EndProject
Project("{9A19103F-16F7-4668-BE54-9A1E7A4F7556}") = "Api", "src\Api\Api.csproj", "{92769EC1-2873-426C-B4DB-C6168E9054B9}"
EndProject
Project("{9A19103F-16F7-4668-BE54-9A1E7A4F7556}") = "Repository", "src\Repository\Repository.csproj", "{C045025D-4234-4357-AAF4-192F87D08E9A}"
EndProject
Global
	GlobalSection(SolutionConfigurationPlatforms) = preSolution
		Debug|Any CPU = Debug|Any CPU
		Release|Any CPU = Release|Any CPU
	EndGlobalSection
	GlobalSection(ProjectConfigurationPlatforms) = postSolution
		{0AA00050-934F-4F9C-97F1-78B6E49A617A}.Debug|Any CPU.ActiveCfg = Debug|Any CPU
		{0AA00050-934F-4F9C-97F1-78B6E49A617A}.Debug|Any CPU.Build.0 = Debug|Any CPU
		{0AA00050-934F-4F9C-97F1-78B6E49A617A}.Release|Any CPU.ActiveCfg = Release|Any CPU
		{0AA00050-934F-4F9C-97F1-78B6E49A617A}.Release|Any CPU.Build.0 = Release|Any CPU
		{7081AA66-1858-4BB5-86EC-2566A9526DBC}.Debug|Any CPU.ActiveCfg = Debug|Any CPU
		{7081AA66-1858-4BB5-86EC-2566A9526DBC}.Debug|Any CPU.Build.0 = Debug|Any CPU
		{7081AA66-1858-4BB5-86EC-2566A9526DBC}.Release|Any CPU.ActiveCfg = Release|Any CPU
		{7081AA66-1858-4BB5-86EC-2566A9526DBC}.Release|Any CPU.Build.0 = Release|Any CPU
		{906ED280-6637-46B6-B262-D3E3443ABA71}.Debug|Any CPU.ActiveCfg = Debug|Any CPU
		{906ED280-6637-46B6-B262-D3E3443ABA71}.Debug|Any CPU.Build.0 = Debug|Any CPU
		{906ED280-6637-46B6-B262-D3E3443ABA71}.Release|Any CPU.ActiveCfg = Release|Any CPU
		{906ED280-6637-46B6-B262-D3E3443ABA71}.Release|Any CPU.Build.0 = Release|Any CPU
		{92769EC1-2873-426C-B4DB-C6168E9054B9}.Debug|Any CPU.ActiveCfg = Debug|Any CPU
		{92769EC1-2873-426C-B4DB-C6168E9054B9}.Debug|Any CPU.Build.0 = Debug|Any CPU
		{92769EC1-2873-426C-B4DB-C6168E9054B9}.Release|Any CPU.ActiveCfg = Release|Any CPU
		{92769EC1-2873-426C-B4DB-C6168E9054B9}.Release|Any CPU.Build.0 = Release|Any CPU
		{C045025D-4234-4357-AAF4-192F87D08E9A}.Debug|Any CPU.ActiveCfg = Debug|Any CPU
		{C045025D-4234-4357-AAF4-192F87D08E9A}.Debug|Any CPU.Build.0 = Debug|Any CPU
		{C045025D-4234-4357-AAF4-192F87D08E9A}.Release|Any CPU.ActiveCfg = Release|Any CPU
		{C045025D-4234-4357-AAF4-192F87D08E9A}.Release|Any CPU.Build.0 = Release|Any CPU
	EndGlobalSection
	GlobalSection(SolutionProperties) = preSolution
		HideSolutionNode = FALSE
	EndGlobalSection
	GlobalSection(NestedProjects) = preSolution
		{0AA00050-934F-4F9C-97F1-78B6E49A617A} = {30868530-1872-436F-9FB0-3EE9D47C2F86}
		{7081AA66-1858-4BB5-86EC-2566A9526DBC} = {30868530-1872-436F-9FB0-3EE9D47C2F86}
		{906ED280-6637-46B6-B262-D3E3443ABA71} = {30868530-1872-436F-9FB0-3EE9D47C2F86}
		{92769EC1-2873-426C-B4DB-C6168E9054B9} = {30868530-1872-436F-9FB0-3EE9D47C2F86}
		{C045025D-4234-4357-AAF4-192F87D08E9A} = {30868530-1872-436F-9FB0-3EE9D47C2F86}
	EndGlobalSection
	GlobalSection(ExtensibilityGlobals) = postSolution
		SolutionGuid = {6CAA9801-25ED-4A23-A68E-06E2619707F0}
	EndGlobalSection
EndGlobal
